
Microsoft Visual Studio Solution File, Format Version 12.00
# Visual Studio Version 16
VisualStudioVersion = 16.0.32602.291
MinimumVisualStudioVersion = 10.0.40219.1
Project("{8BC9CEB8-8B4A-11D0-8D11-00A0C91BC942}") = "Ex1", "Ex1\Ex1.vcxproj", "{A9664000-0AEE-45B7-8314-635C97C9B026}"
EndProject
Project("{8BC9CEB8-8B4A-11D0-8D11-00A0C91BC942}") = "Ex2_if_case_while", "Ex2\Ex2.vcxproj", "{4F19D62E-DF13-48BC-9F1B-5C0527CF48F2}"
EndProject
Project("{8BC9CEB8-8B4A-11D0-8D11-00A0C91BC942}") = "Ex3Function", "Ex3Function\Ex3Function.vcxproj", "{11D1EABD-BE0B-4C2F-9C46-292781383A24}"
EndProject
Project("{8BC9CEB8-8B4A-11D0-8D11-00A0C91BC942}") = "Ex4_ref_cursor", "Ex4\Ex4.vcxproj", "{BA7EE561-7122-4769-AA1C-C3E70D178A65}"
EndProject
Project("{8BC9CEB8-8B4A-11D0-8D11-00A0C91BC942}") = "Ex5", "Ex5\Ex5.vcxproj", "{6979ED82-C110-4D97-BE34-4B613433417A}"
EndProject
Project("{8BC9CEB8-8B4A-11D0-8D11-00A0C91BC942}") = "Lab6", "Lab6\Lab6.vcxproj", "{485416EC-1E03-40E1-94C9-C7D9EBA3D000}"
EndProject
Project("{8BC9CEB8-8B4A-11D0-8D11-00A0C91BC942}") = "Lab7", "Lab7\Lab7.vcxproj", "{854D7270-C340-4555-A0E4-E550C4635017}"
EndProject
Project("{8BC9CEB8-8B4A-11D0-8D11-00A0C91BC942}") = "Lab8_1", "Lab8\Lab8.vcxproj", "{1E87CDDC-2F06-4FB2-BC97-DF0BA62BEB50}"
EndProject
Project("{8BC9CEB8-8B4A-11D0-8D11-00A0C91BC942}") = "Lab8_2", "Lab8.Student01\Lab8.Student01.vcxproj", "{5FA0E6E4-2E0C-4916-A7B4-CDAA284C8315}"
EndProject
Project("{8BC9CEB8-8B4A-11D0-8D11-00A0C91BC942}") = "Lab8_control", "Lab8_control\Lab8_control.vcxproj", "{207BFA51-4C39-4223-9CA9-621F033A38E3}"
EndProject
Global
	GlobalSection(SolutionConfigurationPlatforms) = preSolution
		Debug|x64 = Debug|x64
		Debug|x86 = Debug|x86
		Release|x64 = Release|x64
		Release|x86 = Release|x86
	EndGlobalSection
	GlobalSection(ProjectConfigurationPlatforms) = postSolution
		{A9664000-0AEE-45B7-8314-635C97C9B026}.Debug|x64.ActiveCfg = Debug|x64
		{A9664000-0AEE-45B7-8314-635C97C9B026}.Debug|x64.Build.0 = Debug|x64
		{A9664000-0AEE-45B7-8314-635C97C9B026}.Debug|x86.ActiveCfg = Debug|Win32
		{A9664000-0AEE-45B7-8314-635C97C9B026}.Debug|x86.Build.0 = Debug|Win32
		{A9664000-0AEE-45B7-8314-635C97C9B026}.Release|x64.ActiveCfg = Release|x64
		{A9664000-0AEE-45B7-8314-635C97C9B026}.Release|x64.Build.0 = Release|x64
		{A9664000-0AEE-45B7-8314-635C97C9B026}.Release|x86.ActiveCfg = Release|Win32
		{A9664000-0AEE-45B7-8314-635C97C9B026}.Release|x86.Build.0 = Release|Win32
		{4F19D62E-DF13-48BC-9F1B-5C0527CF48F2}.Debug|x64.ActiveCfg = Debug|x64
		{4F19D62E-DF13-48BC-9F1B-5C0527CF48F2}.Debug|x64.Build.0 = Debug|x64
		{4F19D62E-DF13-48BC-9F1B-5C0527CF48F2}.Debug|x86.ActiveCfg = Debug|Win32
		{4F19D62E-DF13-48BC-9F1B-5C0527CF48F2}.Debug|x86.Build.0 = Debug|Win32
		{4F19D62E-DF13-48BC-9F1B-5C0527CF48F2}.Release|x64.ActiveCfg = Release|x64
		{4F19D62E-DF13-48BC-9F1B-5C0527CF48F2}.Release|x64.Build.0 = Release|x64
		{4F19D62E-DF13-48BC-9F1B-5C0527CF48F2}.Release|x86.ActiveCfg = Release|Win32
		{4F19D62E-DF13-48BC-9F1B-5C0527CF48F2}.Release|x86.Build.0 = Release|Win32
		{11D1EABD-BE0B-4C2F-9C46-292781383A24}.Debug|x64.ActiveCfg = Debug|x64
		{11D1EABD-BE0B-4C2F-9C46-292781383A24}.Debug|x64.Build.0 = Debug|x64
		{11D1EABD-BE0B-4C2F-9C46-292781383A24}.Debug|x86.ActiveCfg = Debug|Win32
		{11D1EABD-BE0B-4C2F-9C46-292781383A24}.Debug|x86.Build.0 = Debug|Win32
		{11D1EABD-BE0B-4C2F-9C46-292781383A24}.Release|x64.ActiveCfg = Release|x64
		{11D1EABD-BE0B-4C2F-9C46-292781383A24}.Release|x64.Build.0 = Release|x64
		{11D1EABD-BE0B-4C2F-9C46-292781383A24}.Release|x86.ActiveCfg = Release|Win32
		{11D1EABD-BE0B-4C2F-9C46-292781383A24}.Release|x86.Build.0 = Release|Win32
		{BA7EE561-7122-4769-AA1C-C3E70D178A65}.Debug|x64.ActiveCfg = Debug|x64
		{BA7EE561-7122-4769-AA1C-C3E70D178A65}.Debug|x64.Build.0 = Debug|x64
		{BA7EE561-7122-4769-AA1C-C3E70D178A65}.Debug|x86.ActiveCfg = Debug|Win32
		{BA7EE561-7122-4769-AA1C-C3E70D178A65}.Debug|x86.Build.0 = Debug|Win32
		{BA7EE561-7122-4769-AA1C-C3E70D178A65}.Release|x64.ActiveCfg = Release|x64
		{BA7EE561-7122-4769-AA1C-C3E70D178A65}.Release|x64.Build.0 = Release|x64
		{BA7EE561-7122-4769-AA1C-C3E70D178A65}.Release|x86.ActiveCfg = Release|Win32
		{BA7EE561-7122-4769-AA1C-C3E70D178A65}.Release|x86.Build.0 = Release|Win32
		{6979ED82-C110-4D97-BE34-4B613433417A}.Debug|x64.ActiveCfg = Debug|x64
		{6979ED82-C110-4D97-BE34-4B613433417A}.Debug|x64.Build.0 = Debug|x64
		{6979ED82-C110-4D97-BE34-4B613433417A}.Debug|x86.ActiveCfg = Debug|Win32
		{6979ED82-C110-4D97-BE34-4B613433417A}.Debug|x86.Build.0 = Debug|Win32
		{6979ED82-C110-4D97-BE34-4B613433417A}.Release|x64.ActiveCfg = Release|x64
		{6979ED82-C110-4D97-BE34-4B613433417A}.Release|x64.Build.0 = Release|x64
		{6979ED82-C110-4D97-BE34-4B613433417A}.Release|x86.ActiveCfg = Release|Win32
		{6979ED82-C110-4D97-BE34-4B613433417A}.Release|x86.Build.0 = Release|Win32
		{485416EC-1E03-40E1-94C9-C7D9EBA3D000}.Debug|x64.ActiveCfg = Debug|x64
		{485416EC-1E03-40E1-94C9-C7D9EBA3D000}.Debug|x64.Build.0 = Debug|x64
		{485416EC-1E03-40E1-94C9-C7D9EBA3D000}.Debug|x86.ActiveCfg = Debug|Win32
		{485416EC-1E03-40E1-94C9-C7D9EBA3D000}.Debug|x86.Build.0 = Debug|Win32
		{485416EC-1E03-40E1-94C9-C7D9EBA3D000}.Release|x64.ActiveCfg = Release|x64
		{485416EC-1E03-40E1-94C9-C7D9EBA3D000}.Release|x64.Build.0 = Release|x64
		{485416EC-1E03-40E1-94C9-C7D9EBA3D000}.Release|x86.ActiveCfg = Release|Win32
		{485416EC-1E03-40E1-94C9-C7D9EBA3D000}.Release|x86.Build.0 = Release|Win32
		{854D7270-C340-4555-A0E4-E550C4635017}.Debug|x64.ActiveCfg = Debug|x64
		{854D7270-C340-4555-A0E4-E550C4635017}.Debug|x64.Build.0 = Debug|x64
		{854D7270-C340-4555-A0E4-E550C4635017}.Debug|x86.ActiveCfg = Debug|Win32
		{854D7270-C340-4555-A0E4-E550C4635017}.Debug|x86.Build.0 = Debug|Win32
		{854D7270-C340-4555-A0E4-E550C4635017}.Release|x64.ActiveCfg = Release|x64
		{854D7270-C340-4555-A0E4-E550C4635017}.Release|x64.Build.0 = Release|x64
		{854D7270-C340-4555-A0E4-E550C4635017}.Release|x86.ActiveCfg = Release|Win32
		{854D7270-C340-4555-A0E4-E550C4635017}.Release|x86.Build.0 = Release|Win32
		{1E87CDDC-2F06-4FB2-BC97-DF0BA62BEB50}.Debug|x64.ActiveCfg = Debug|x64
		{1E87CDDC-2F06-4FB2-BC97-DF0BA62BEB50}.Debug|x64.Build.0 = Debug|x64
		{1E87CDDC-2F06-4FB2-BC97-DF0BA62BEB50}.Debug|x86.ActiveCfg = Debug|Win32
		{1E87CDDC-2F06-4FB2-BC97-DF0BA62BEB50}.Debug|x86.Build.0 = Debug|Win32
		{1E87CDDC-2F06-4FB2-BC97-DF0BA62BEB50}.Release|x64.ActiveCfg = Release|x64
		{1E87CDDC-2F06-4FB2-BC97-DF0BA62BEB50}.Release|x64.Build.0 = Release|x64
		{1E87CDDC-2F06-4FB2-BC97-DF0BA62BEB50}.Release|x86.ActiveCfg = Release|Win32
		{1E87CDDC-2F06-4FB2-BC97-DF0BA62BEB50}.Release|x86.Build.0 = Release|Win32
		{5FA0E6E4-2E0C-4916-A7B4-CDAA284C8315}.Debug|x64.ActiveCfg = Debug|x64
		{5FA0E6E4-2E0C-4916-A7B4-CDAA284C8315}.Debug|x64.Build.0 = Debug|x64
		{5FA0E6E4-2E0C-4916-A7B4-CDAA284C8315}.Debug|x86.ActiveCfg = Debug|Win32
		{5FA0E6E4-2E0C-4916-A7B4-CDAA284C8315}.Debug|x86.Build.0 = Debug|Win32
		{5FA0E6E4-2E0C-4916-A7B4-CDAA284C8315}.Release|x64.ActiveCfg = Release|x64
		{5FA0E6E4-2E0C-4916-A7B4-CDAA284C8315}.Release|x64.Build.0 = Release|x64
		{5FA0E6E4-2E0C-4916-A7B4-CDAA284C8315}.Release|x86.ActiveCfg = Release|Win32
		{5FA0E6E4-2E0C-4916-A7B4-CDAA284C8315}.Release|x86.Build.0 = Release|Win32
		{207BFA51-4C39-4223-9CA9-621F033A38E3}.Debug|x64.ActiveCfg = Debug|x64
		{207BFA51-4C39-4223-9CA9-621F033A38E3}.Debug|x64.Build.0 = Debug|x64
		{207BFA51-4C39-4223-9CA9-621F033A38E3}.Debug|x86.ActiveCfg = Debug|Win32
		{207BFA51-4C39-4223-9CA9-621F033A38E3}.Debug|x86.Build.0 = Debug|Win32
		{207BFA51-4C39-4223-9CA9-621F033A38E3}.Release|x64.ActiveCfg = Release|x64
		{207BFA51-4C39-4223-9CA9-621F033A38E3}.Release|x64.Build.0 = Release|x64
		{207BFA51-4C39-4223-9CA9-621F033A38E3}.Release|x86.ActiveCfg = Release|Win32
		{207BFA51-4C39-4223-9CA9-621F033A38E3}.Release|x86.Build.0 = Release|Win32
	EndGlobalSection
	GlobalSection(SolutionProperties) = preSolution
		HideSolutionNode = FALSE
	EndGlobalSection
	GlobalSection(ExtensibilityGlobals) = postSolution
		SolutionGuid = {1675147C-F956-4C04-8472-7DDB181E2CA2}
	EndGlobalSection
EndGlobal
